// !$*UTF8*$!
{
	archiveVersion = 1;
	classes = {
	};
	objectVersion = 46;
	objects = {

/* Begin PBXBuildFile section */
		4D2CBB081BD3E0D30027FB31 /* main.m in Sources */ = {isa = PBXBuildFile; fileRef = 4D2CBB071BD3E0D30027FB31 /* main.m */; };
		4D2CBB111BD3E0D30027FB31 /* Main.storyboard in Resources */ = {isa = PBXBuildFile; fileRef = 4D2CBB0F1BD3E0D30027FB31 /* Main.storyboard */; };
		4D2CBB131BD3E0D30027FB31 /* Assets.xcassets in Resources */ = {isa = PBXBuildFile; fileRef = 4D2CBB121BD3E0D30027FB31 /* Assets.xcassets */; };
		4D2CBB161BD3E0D30027FB31 /* LaunchScreen.storyboard in Resources */ = {isa = PBXBuildFile; fileRef = 4D2CBB141BD3E0D30027FB31 /* LaunchScreen.storyboard */; };
		4D2CBB211BD3E0D30027FB31 /* AlgoliaTests.m in Sources */ = {isa = PBXBuildFile; fileRef = 4D2CBB201BD3E0D30027FB31 /* AlgoliaTests.m */; };
		4D2CBB2C1BD3E0D30027FB31 /* AlgoliaUITests.m in Sources */ = {isa = PBXBuildFile; fileRef = 4D2CBB2B1BD3E0D30027FB31 /* AlgoliaUITests.m */; };
		4D2CBB3B1BD3E18A0027FB31 /* AppDelegate.m in Sources */ = {isa = PBXBuildFile; fileRef = 4D2CBB3A1BD3E18A0027FB31 /* AppDelegate.m */; settings = {ASSET_TAGS = (); }; };
/* End PBXBuildFile section */

/* Begin PBXContainerItemProxy section */
		4D2CBB1D1BD3E0D30027FB31 /* PBXContainerItemProxy */ = {
			isa = PBXContainerItemProxy;
			containerPortal = 4D2CBAFB1BD3E0D30027FB31 /* Project object */;
			proxyType = 1;
			remoteGlobalIDString = 4D2CBB021BD3E0D30027FB31;
			remoteInfo = Algolia;
		};
		4D2CBB281BD3E0D30027FB31 /* PBXContainerItemProxy */ = {
			isa = PBXContainerItemProxy;
			containerPortal = 4D2CBAFB1BD3E0D30027FB31 /* Project object */;
			proxyType = 1;
			remoteGlobalIDString = 4D2CBB021BD3E0D30027FB31;
			remoteInfo = Algolia;
		};
/* End PBXContainerItemProxy section */

/* Begin PBXFileReference section */
		4D2CBB031BD3E0D30027FB31 /* Algolia.app */ = {isa = PBXFileReference; explicitFileType = wrapper.application; includeInIndex = 0; path = Algolia.app; sourceTree = BUILT_PRODUCTS_DIR; };
		4D2CBB071BD3E0D30027FB31 /* main.m */ = {isa = PBXFileReference; lastKnownFileType = sourcecode.c.objc; path = main.m; sourceTree = "<group>"; };
		4D2CBB101BD3E0D30027FB31 /* Base */ = {isa = PBXFileReference; lastKnownFileType = file.storyboard; name = Base; path = Base.lproj/Main.storyboard; sourceTree = "<group>"; };
		4D2CBB121BD3E0D30027FB31 /* Assets.xcassets */ = {isa = PBXFileReference; lastKnownFileType = folder.assetcatalog; path = Assets.xcassets; sourceTree = "<group>"; };
		4D2CBB151BD3E0D30027FB31 /* Base */ = {isa = PBXFileReference; lastKnownFileType = file.storyboard; name = Base; path = Base.lproj/LaunchScreen.storyboard; sourceTree = "<group>"; };
		4D2CBB171BD3E0D30027FB31 /* Info.plist */ = {isa = PBXFileReference; lastKnownFileType = text.plist.xml; path = Info.plist; sourceTree = "<group>"; };
		4D2CBB1C1BD3E0D30027FB31 /* AlgoliaTests.xctest */ = {isa = PBXFileReference; explicitFileType = wrapper.cfbundle; includeInIndex = 0; path = AlgoliaTests.xctest; sourceTree = BUILT_PRODUCTS_DIR; };
		4D2CBB201BD3E0D30027FB31 /* AlgoliaTests.m */ = {isa = PBXFileReference; lastKnownFileType = sourcecode.c.objc; path = AlgoliaTests.m; sourceTree = "<group>"; };
		4D2CBB221BD3E0D30027FB31 /* Info.plist */ = {isa = PBXFileReference; lastKnownFileType = text.plist.xml; path = Info.plist; sourceTree = "<group>"; };
		4D2CBB271BD3E0D30027FB31 /* AlgoliaUITests.xctest */ = {isa = PBXFileReference; explicitFileType = wrapper.cfbundle; includeInIndex = 0; path = AlgoliaUITests.xctest; sourceTree = BUILT_PRODUCTS_DIR; };
		4D2CBB2B1BD3E0D30027FB31 /* AlgoliaUITests.m */ = {isa = PBXFileReference; lastKnownFileType = sourcecode.c.objc; path = AlgoliaUITests.m; sourceTree = "<group>"; };
		4D2CBB2D1BD3E0D30027FB31 /* Info.plist */ = {isa = PBXFileReference; lastKnownFileType = text.plist.xml; path = Info.plist; sourceTree = "<group>"; };
		4D2CBB391BD3E18A0027FB31 /* AppDelegate.h */ = {isa = PBXFileReference; fileEncoding = 4; lastKnownFileType = sourcecode.c.h; name = AppDelegate.h; path = Sources/Application/AppDelegate.h; sourceTree = "<group>"; };
		4D2CBB3A1BD3E18A0027FB31 /* AppDelegate.m */ = {isa = PBXFileReference; fileEncoding = 4; lastKnownFileType = sourcecode.c.objc; name = AppDelegate.m; path = Sources/Application/AppDelegate.m; sourceTree = "<group>"; };
/* End PBXFileReference section */

/* Begin PBXFrameworksBuildPhase section */
		4D2CBB001BD3E0D30027FB31 /* Frameworks */ = {
			isa = PBXFrameworksBuildPhase;
			buildActionMask = 2147483647;
			files = (
			);
			runOnlyForDeploymentPostprocessing = 0;
		};
		4D2CBB191BD3E0D30027FB31 /* Frameworks */ = {
			isa = PBXFrameworksBuildPhase;
			buildActionMask = 2147483647;
			files = (
			);
			runOnlyForDeploymentPostprocessing = 0;
		};
		4D2CBB241BD3E0D30027FB31 /* Frameworks */ = {
			isa = PBXFrameworksBuildPhase;
			buildActionMask = 2147483647;
			files = (
			);
			runOnlyForDeploymentPostprocessing = 0;
		};
/* End PBXFrameworksBuildPhase section */

/* Begin PBXGroup section */
		4D2CBAFA1BD3E0D30027FB31 = {
			isa = PBXGroup;
			children = (
				4D2CBB051BD3E0D30027FB31 /* Algolia */,
				4D2CBB1F1BD3E0D30027FB31 /* AlgoliaTests */,
				4D2CBB2A1BD3E0D30027FB31 /* AlgoliaUITests */,
				4D2CBB041BD3E0D30027FB31 /* Products */,
			);
			sourceTree = "<group>";
		};
		4D2CBB041BD3E0D30027FB31 /* Products */ = {
			isa = PBXGroup;
			children = (
				4D2CBB031BD3E0D30027FB31 /* Algolia.app */,
				4D2CBB1C1BD3E0D30027FB31 /* AlgoliaTests.xctest */,
				4D2CBB271BD3E0D30027FB31 /* AlgoliaUITests.xctest */,
			);
			name = Products;
			sourceTree = "<group>";
		};
		4D2CBB051BD3E0D30027FB31 /* Algolia */ = {
			isa = PBXGroup;
			children = (
				4D2CBB3C1BD3E19E0027FB31 /* Application */,
				4D2CBB3D1BD3E1B70027FB31 /* Models */,
				4D2CBB3F1BD3E1B70027FB31 /* Modules */,
				4D2CBB121BD3E0D30027FB31 /* Assets.xcassets */,
				4D2CBB171BD3E0D30027FB31 /* Info.plist */,
				4D2CBB141BD3E0D30027FB31 /* LaunchScreen.storyboard */,
				4D2CBB0F1BD3E0D30027FB31 /* Main.storyboard */,
				4D2CBB061BD3E0D30027FB31 /* Supporting Files */,
				4D2CBB431BD3E1B70027FB31 /* ViewControllers */,
				4D2CBB441BD3E1B70027FB31 /* Views */,
			);
			path = Algolia;
			sourceTree = "<group>";
		};
		4D2CBB061BD3E0D30027FB31 /* Supporting Files */ = {
			isa = PBXGroup;
			children = (
				4D2CBB071BD3E0D30027FB31 /* main.m */,
			);
			name = "Supporting Files";
			sourceTree = "<group>";
		};
		4D2CBB1F1BD3E0D30027FB31 /* AlgoliaTests */ = {
			isa = PBXGroup;
			children = (
				4D2CBB201BD3E0D30027FB31 /* AlgoliaTests.m */,
				4D2CBB221BD3E0D30027FB31 /* Info.plist */,
			);
			path = AlgoliaTests;
			sourceTree = "<group>";
		};
		4D2CBB2A1BD3E0D30027FB31 /* AlgoliaUITests */ = {
			isa = PBXGroup;
			children = (
				4D2CBB2B1BD3E0D30027FB31 /* AlgoliaUITests.m */,
				4D2CBB2D1BD3E0D30027FB31 /* Info.plist */,
			);
			path = AlgoliaUITests;
			sourceTree = "<group>";
		};
		4D2CBB3C1BD3E19E0027FB31 /* Application */ = {
			isa = PBXGroup;
			children = (
				4D2CBB391BD3E18A0027FB31 /* AppDelegate.h */,
				4D2CBB3A1BD3E18A0027FB31 /* AppDelegate.m */,
			);
			name = Application;
			sourceTree = "<group>";
		};
		4D2CBB3D1BD3E1B70027FB31 /* Models */ = {
			isa = PBXGroup;
			children = (
				4D2CBB3E1BD3E1B70027FB31 /* Base */,
			);
			name = Models;
			path = Sources/Models;
			sourceTree = "<group>";
		};
		4D2CBB3E1BD3E1B70027FB31 /* Base */ = {
			isa = PBXGroup;
			children = (
			);
			path = Base;
			sourceTree = "<group>";
		};
		4D2CBB3F1BD3E1B70027FB31 /* Modules */ = {
			isa = PBXGroup;
			children = (
				4D2CBB401BD3E1B70027FB31 /* Home */,
				4D2CBB411BD3E1B70027FB31 /* Menu */,
				4D2CBB421BD3E1B70027FB31 /* Search */,
			);
			name = Modules;
			path = Sources/Modules;
			sourceTree = "<group>";
		};
		4D2CBB401BD3E1B70027FB31 /* Home */ = {
			isa = PBXGroup;
			children = (
			);
			path = Home;
			sourceTree = "<group>";
		};
		4D2CBB411BD3E1B70027FB31 /* Menu */ = {
			isa = PBXGroup;
			children = (
			);
			path = Menu;
			sourceTree = "<group>";
		};
		4D2CBB421BD3E1B70027FB31 /* Search */ = {
			isa = PBXGroup;
			children = (
			);
			path = Search;
			sourceTree = "<group>";
		};
		4D2CBB431BD3E1B70027FB31 /* ViewControllers */ = {
			isa = PBXGroup;
			children = (
			);
			name = ViewControllers;
			path = Sources/ViewControllers;
			sourceTree = "<group>";
		};
		4D2CBB441BD3E1B70027FB31 /* Views */ = {
			isa = PBXGroup;
			children = (
			);
			name = Views;
			path = Sources/Views;
			sourceTree = "<group>";
		};
/* End PBXGroup section */

/* Begin PBXNativeTarget section */
		4D2CBB021BD3E0D30027FB31 /* Algolia */ = {
			isa = PBXNativeTarget;
			buildConfigurationList = 4D2CBB301BD3E0D30027FB31 /* Build configuration list for PBXNativeTarget "Algolia" */;
			buildPhases = (
				4D2CBAFF1BD3E0D30027FB31 /* Sources */,
				4D2CBB001BD3E0D30027FB31 /* Frameworks */,
				4D2CBB011BD3E0D30027FB31 /* Resources */,
			);
			buildRules = (
			);
			dependencies = (
			);
			name = Algolia;
			productName = Algolia;
			productReference = 4D2CBB031BD3E0D30027FB31 /* Algolia.app */;
			productType = "com.apple.product-type.application";
		};
		4D2CBB1B1BD3E0D30027FB31 /* AlgoliaTests */ = {
			isa = PBXNativeTarget;
			buildConfigurationList = 4D2CBB331BD3E0D30027FB31 /* Build configuration list for PBXNativeTarget "AlgoliaTests" */;
			buildPhases = (
				4D2CBB181BD3E0D30027FB31 /* Sources */,
				4D2CBB191BD3E0D30027FB31 /* Frameworks */,
				4D2CBB1A1BD3E0D30027FB31 /* Resources */,
			);
			buildRules = (
			);
			dependencies = (
				4D2CBB1E1BD3E0D30027FB31 /* PBXTargetDependency */,
			);
			name = AlgoliaTests;
			productName = AlgoliaTests;
			productReference = 4D2CBB1C1BD3E0D30027FB31 /* AlgoliaTests.xctest */;
			productType = "com.apple.product-type.bundle.unit-test";
		};
		4D2CBB261BD3E0D30027FB31 /* AlgoliaUITests */ = {
			isa = PBXNativeTarget;
			buildConfigurationList = 4D2CBB361BD3E0D30027FB31 /* Build configuration list for PBXNativeTarget "AlgoliaUITests" */;
			buildPhases = (
				4D2CBB231BD3E0D30027FB31 /* Sources */,
				4D2CBB241BD3E0D30027FB31 /* Frameworks */,
				4D2CBB251BD3E0D30027FB31 /* Resources */,
			);
			buildRules = (
			);
			dependencies = (
				4D2CBB291BD3E0D30027FB31 /* PBXTargetDependency */,
			);
			name = AlgoliaUITests;
			productName = AlgoliaUITests;
			productReference = 4D2CBB271BD3E0D30027FB31 /* AlgoliaUITests.xctest */;
			productType = "com.apple.product-type.bundle.ui-testing";
		};
/* End PBXNativeTarget section */

/* Begin PBXProject section */
		4D2CBAFB1BD3E0D30027FB31 /* Project object */ = {
			isa = PBXProject;
			attributes = {
				LastUpgradeCheck = 0700;
				ORGANIZATIONNAME = CleverCode;
				TargetAttributes = {
					4D2CBB021BD3E0D30027FB31 = {
						CreatedOnToolsVersion = 7.0.1;
					};
					4D2CBB1B1BD3E0D30027FB31 = {
						CreatedOnToolsVersion = 7.0.1;
						TestTargetID = 4D2CBB021BD3E0D30027FB31;
					};
					4D2CBB261BD3E0D30027FB31 = {
						CreatedOnToolsVersion = 7.0.1;
						TestTargetID = 4D2CBB021BD3E0D30027FB31;
					};
				};
			};
			buildConfigurationList = 4D2CBAFE1BD3E0D30027FB31 /* Build configuration list for PBXProject "Algolia" */;
			compatibilityVersion = "Xcode 3.2";
			developmentRegion = English;
			hasScannedForEncodings = 0;
			knownRegions = (
				en,
				Base,
			);
			mainGroup = 4D2CBAFA1BD3E0D30027FB31;
			productRefGroup = 4D2CBB041BD3E0D30027FB31 /* Products */;
			projectDirPath = "";
			projectRoot = "";
			targets = (
				4D2CBB021BD3E0D30027FB31 /* Algolia */,
				4D2CBB1B1BD3E0D30027FB31 /* AlgoliaTests */,
				4D2CBB261BD3E0D30027FB31 /* AlgoliaUITests */,
			);
		};
/* End PBXProject section */

/* Begin PBXResourcesBuildPhase section */
		4D2CBB011BD3E0D30027FB31 /* Resources */ = {
			isa = PBXResourcesBuildPhase;
			buildActionMask = 2147483647;
			files = (
				4D2CBB161BD3E0D30027FB31 /* LaunchScreen.storyboard in Resources */,
				4D2CBB131BD3E0D30027FB31 /* Assets.xcassets in Resources */,
				4D2CBB111BD3E0D30027FB31 /* Main.storyboard in Resources */,
			);
			runOnlyForDeploymentPostprocessing = 0;
		};
		4D2CBB1A1BD3E0D30027FB31 /* Resources */ = {
			isa = PBXResourcesBuildPhase;
			buildActionMask = 2147483647;
			files = (
			);
			runOnlyForDeploymentPostprocessing = 0;
		};
		4D2CBB251BD3E0D30027FB31 /* Resources */ = {
			isa = PBXResourcesBuildPhase;
			buildActionMask = 2147483647;
			files = (
			);
			runOnlyForDeploymentPostprocessing = 0;
		};
/* End PBXResourcesBuildPhase section */

/* Begin PBXSourcesBuildPhase section */
		4D2CBAFF1BD3E0D30027FB31 /* Sources */ = {
			isa = PBXSourcesBuildPhase;
			buildActionMask = 2147483647;
			files = (
				4D2CBB3B1BD3E18A0027FB31 /* AppDelegate.m in Sources */,
				4D2CBB081BD3E0D30027FB31 /* main.m in Sources */,
			);
			runOnlyForDeploymentPostprocessing = 0;
		};
		4D2CBB181BD3E0D30027FB31 /* Sources */ = {
			isa = PBXSourcesBuildPhase;
			buildActionMask = 2147483647;
			files = (
				4D2CBB211BD3E0D30027FB31 /* AlgoliaTests.m in Sources */,
			);
			runOnlyForDeploymentPostprocessing = 0;
		};
		4D2CBB231BD3E0D30027FB31 /* Sources */ = {
			isa = PBXSourcesBuildPhase;
			buildActionMask = 2147483647;
			files = (
				4D2CBB2C1BD3E0D30027FB31 /* AlgoliaUITests.m in Sources */,
			);
			runOnlyForDeploymentPostprocessing = 0;
		};
/* End PBXSourcesBuildPhase section */

/* Begin PBXTargetDependency section */
		4D2CBB1E1BD3E0D30027FB31 /* PBXTargetDependency */ = {
			isa = PBXTargetDependency;
			target = 4D2CBB021BD3E0D30027FB31 /* Algolia */;
			targetProxy = 4D2CBB1D1BD3E0D30027FB31 /* PBXContainerItemProxy */;
		};
		4D2CBB291BD3E0D30027FB31 /* PBXTargetDependency */ = {
			isa = PBXTargetDependency;
			target = 4D2CBB021BD3E0D30027FB31 /* Algolia */;
			targetProxy = 4D2CBB281BD3E0D30027FB31 /* PBXContainerItemProxy */;
		};
/* End PBXTargetDependency section */

/* Begin PBXVariantGroup section */
		4D2CBB0F1BD3E0D30027FB31 /* Main.storyboard */ = {
			isa = PBXVariantGroup;
			children = (
				4D2CBB101BD3E0D30027FB31 /* Base */,
			);
			name = Main.storyboard;
			sourceTree = "<group>";
		};
		4D2CBB141BD3E0D30027FB31 /* LaunchScreen.storyboard */ = {
			isa = PBXVariantGroup;
			children = (
				4D2CBB151BD3E0D30027FB31 /* Base */,
			);
			name = LaunchScreen.storyboard;
			sourceTree = "<group>";
		};
/* End PBXVariantGroup section */

/* Begin XCBuildConfiguration section */
		4D2CBB2E1BD3E0D30027FB31 /* Debug */ = {
			isa = XCBuildConfiguration;
			buildSettings = {
				ALWAYS_SEARCH_USER_PATHS = NO;
				CLANG_CXX_LANGUAGE_STANDARD = "gnu++0x";
				CLANG_CXX_LIBRARY = "libc++";
				CLANG_ENABLE_MODULES = YES;
				CLANG_ENABLE_OBJC_ARC = YES;
				CLANG_WARN_BOOL_CONVERSION = YES;
				CLANG_WARN_CONSTANT_CONVERSION = YES;
				CLANG_WARN_DIRECT_OBJC_ISA_USAGE = YES_ERROR;
				CLANG_WARN_EMPTY_BODY = YES;
				CLANG_WARN_ENUM_CONVERSION = YES;
				CLANG_WARN_INT_CONVERSION = YES;
				CLANG_WARN_OBJC_ROOT_CLASS = YES_ERROR;
				CLANG_WARN_UNREACHABLE_CODE = YES;
				CLANG_WARN__DUPLICATE_METHOD_MATCH = YES;
				"CODE_SIGN_IDENTITY[sdk=iphoneos*]" = "iPhone Developer";
				COPY_PHASE_STRIP = NO;
				DEBUG_INFORMATION_FORMAT = dwarf;
				ENABLE_STRICT_OBJC_MSGSEND = YES;
				ENABLE_TESTABILITY = YES;
				GCC_C_LANGUAGE_STANDARD = gnu99;
				GCC_DYNAMIC_NO_PIC = NO;
				GCC_NO_COMMON_BLOCKS = YES;
				GCC_OPTIMIZATION_LEVEL = 0;
				GCC_PREPROCESSOR_DEFINITIONS = (
					"DEBUG=1",
					"$(inherited)",
				);
				GCC_WARN_64_TO_32_BIT_CONVERSION = YES;
				GCC_WARN_ABOUT_RETURN_TYPE = YES_ERROR;
				GCC_WARN_UNDECLARED_SELECTOR = YES;
				GCC_WARN_UNINITIALIZED_AUTOS = YES_AGGRESSIVE;
				GCC_WARN_UNUSED_FUNCTION = YES;
				GCC_WARN_UNUSED_VARIABLE = YES;
				IPHONEOS_DEPLOYMENT_TARGET = 9.0;
				MTL_ENABLE_DEBUG_INFO = YES;
				ONLY_ACTIVE_ARCH = YES;
				SDKROOT = iphoneos;
			};
			name = Debug;
		};
		4D2CBB2F1BD3E0D30027FB31 /* Release */ = {
			isa = XCBuildConfiguration;
			buildSettings = {
				ALWAYS_SEARCH_USER_PATHS = NO;
				CLANG_CXX_LANGUAGE_STANDARD = "gnu++0x";
				CLANG_CXX_LIBRARY = "libc++";
				CLANG_ENABLE_MODULES = YES;
				CLANG_ENABLE_OBJC_ARC = YES;
				CLANG_WARN_BOOL_CONVERSION = YES;
				CLANG_WARN_CONSTANT_CONVERSION = YES;
				CLANG_WARN_DIRECT_OBJC_ISA_USAGE = YES_ERROR;
				CLANG_WARN_EMPTY_BODY = YES;
				CLANG_WARN_ENUM_CONVERSION = YES;
				CLANG_WARN_INT_CONVERSION = YES;
				CLANG_WARN_OBJC_ROOT_CLASS = YES_ERROR;
				CLANG_WARN_UNREACHABLE_CODE = YES;
				CLANG_WARN__DUPLICATE_METHOD_MATCH = YES;
				"CODE_SIGN_IDENTITY[sdk=iphoneos*]" = "iPhone Developer";
				COPY_PHASE_STRIP = NO;
				DEBUG_INFORMATION_FORMAT = "dwarf-with-dsym";
				ENABLE_NS_ASSERTIONS = NO;
				ENABLE_STRICT_OBJC_MSGSEND = YES;
				GCC_C_LANGUAGE_STANDARD = gnu99;
				GCC_NO_COMMON_BLOCKS = YES;
				GCC_WARN_64_TO_32_BIT_CONVERSION = YES;
				GCC_WARN_ABOUT_RETURN_TYPE = YES_ERROR;
				GCC_WARN_UNDECLARED_SELECTOR = YES;
				GCC_WARN_UNINITIALIZED_AUTOS = YES_AGGRESSIVE;
				GCC_WARN_UNUSED_FUNCTION = YES;
				GCC_WARN_UNUSED_VARIABLE = YES;
				IPHONEOS_DEPLOYMENT_TARGET = 9.0;
				MTL_ENABLE_DEBUG_INFO = NO;
				SDKROOT = iphoneos;
				VALIDATE_PRODUCT = YES;
			};
			name = Release;
		};
		4D2CBB311BD3E0D30027FB31 /* Debug */ = {
			isa = XCBuildConfiguration;
			buildSettings = {
				ASSETCATALOG_COMPILER_APPICON_NAME = AppIcon;
				INFOPLIST_FILE = Algolia/Info.plist;
				LD_RUNPATH_SEARCH_PATHS = "$(inherited) @executable_path/Frameworks";
				PRODUCT_BUNDLE_IDENTIFIER = com.dnw.Algolia;
				PRODUCT_NAME = "$(TARGET_NAME)";
			};
			name = Debug;
		};
		4D2CBB321BD3E0D30027FB31 /* Release */ = {
			isa = XCBuildConfiguration;
			buildSettings = {
				ASSETCATALOG_COMPILER_APPICON_NAME = AppIcon;
				INFOPLIST_FILE = Algolia/Info.plist;
				LD_RUNPATH_SEARCH_PATHS = "$(inherited) @executable_path/Frameworks";
				PRODUCT_BUNDLE_IDENTIFIER = com.dnw.Algolia;
				PRODUCT_NAME = "$(TARGET_NAME)";
			};
			name = Release;
		};
		4D2CBB341BD3E0D30027FB31 /* Debug */ = {
			isa = XCBuildConfiguration;
			buildSettings = {
				BUNDLE_LOADER = "$(TEST_HOST)";
				INFOPLIST_FILE = AlgoliaTests/Info.plist;
				LD_RUNPATH_SEARCH_PATHS = "$(inherited) @executable_path/Frameworks @loader_path/Frameworks";
				PRODUCT_BUNDLE_IDENTIFIER = com.dnw.AlgoliaTests;
				PRODUCT_NAME = "$(TARGET_NAME)";
				TEST_HOST = "$(BUILT_PRODUCTS_DIR)/Algolia.app/Algolia";
			};
			name = Debug;
		};
		4D2CBB351BD3E0D30027FB31 /* Release */ = {
			isa = XCBuildConfiguration;
			buildSettings = {
				BUNDLE_LOADER = "$(TEST_HOST)";
				INFOPLIST_FILE = AlgoliaTests/Info.plist;
				LD_RUNPATH_SEARCH_PATHS = "$(inherited) @executable_path/Frameworks @loader_path/Frameworks";
				PRODUCT_BUNDLE_IDENTIFIER = com.dnw.AlgoliaTests;
				PRODUCT_NAME = "$(TARGET_NAME)";
				TEST_HOST = "$(BUILT_PRODUCTS_DIR)/Algolia.app/Algolia";
			};
			name = Release;
		};
		4D2CBB371BD3E0D30027FB31 /* Debug */ = {
			isa = XCBuildConfiguration;
			buildSettings = {
				INFOPLIST_FILE = AlgoliaUITests/Info.plist;
				LD_RUNPATH_SEARCH_PATHS = "$(inherited) @executable_path/Frameworks @loader_path/Frameworks";
				PRODUCT_BUNDLE_IDENTIFIER = com.dnw.AlgoliaUITests;
				PRODUCT_NAME = "$(TARGET_NAME)";
				TEST_TARGET_NAME = Algolia;
				USES_XCTRUNNER = YES;
			};
			name = Debug;
		};
		4D2CBB381BD3E0D30027FB31 /* Release */ = {
			isa = XCBuildConfiguration;
			buildSettings = {
				INFOPLIST_FILE = AlgoliaUITests/Info.plist;
				LD_RUNPATH_SEARCH_PATHS = "$(inherited) @executable_path/Frameworks @loader_path/Frameworks";
				PRODUCT_BUNDLE_IDENTIFIER = com.dnw.AlgoliaUITests;
				PRODUCT_NAME = "$(TARGET_NAME)";
				TEST_TARGET_NAME = Algolia;
				USES_XCTRUNNER = YES;
			};
			name = Release;
		};
/* End XCBuildConfiguration section */

/* Begin XCConfigurationList section */
		4D2CBAFE1BD3E0D30027FB31 /* Build configuration list for PBXProject "Algolia" */ = {
			isa = XCConfigurationList;
			buildConfigurations = (
				4D2CBB2E1BD3E0D30027FB31 /* Debug */,
				4D2CBB2F1BD3E0D30027FB31 /* Release */,
			);
			defaultConfigurationIsVisible = 0;
			defaultConfigurationName = Release;
		};
		4D2CBB301BD3E0D30027FB31 /* Build configuration list for PBXNativeTarget "Algolia" */ = {
			isa = XCConfigurationList;
			buildConfigurations = (
				4D2CBB311BD3E0D30027FB31 /* Debug */,
				4D2CBB321BD3E0D30027FB31 /* Release */,
			);
			defaultConfigurationIsVisible = 0;
		};
		4D2CBB331BD3E0D30027FB31 /* Build configuration list for PBXNativeTarget "AlgoliaTests" */ = {
			isa = XCConfigurationList;
			buildConfigurations = (
				4D2CBB341BD3E0D30027FB31 /* Debug */,
				4D2CBB351BD3E0D30027FB31 /* Release */,
			);
			defaultConfigurationIsVisible = 0;
		};
		4D2CBB361BD3E0D30027FB31 /* Build configuration list for PBXNativeTarget "AlgoliaUITests" */ = {
			isa = XCConfigurationList;
			buildConfigurations = (
				4D2CBB371BD3E0D30027FB31 /* Debug */,
				4D2CBB381BD3E0D30027FB31 /* Release */,
			);
			defaultConfigurationIsVisible = 0;
		};
/* End XCConfigurationList section */
	};
	rootObject = 4D2CBAFB1BD3E0D30027FB31 /* Project object */;
}
